
Microsoft Visual Studio Solution File, Format Version 12.00
# Visual Studio Version 16
VisualStudioVersion = 16.0.31729.503
MinimumVisualStudioVersion = 10.0.40219.1
Project("{FAE04EC0-301F-11D3-BF4B-00C04F79EFBC}") = "HastaneTMA", "HastaneTMA\HastaneTMA.csproj", "{35EBFD7B-2235-460C-9F71-F32DED6697F5}"
EndProject
Global
	GlobalSection(SolutionConfigurationPlatforms) = preSolution
		Debug|Any CPU = Debug|Any CPU
		Release|Any CPU = Release|Any CPU
	EndGlobalSection
	GlobalSection(ProjectConfigurationPlatforms) = postSolution
		{35EBFD7B-2235-460C-9F71-F32DED6697F5}.Debug|Any CPU.ActiveCfg = Debug|Any CPU
		{35EBFD7B-2235-460C-9F71-F32DED6697F5}.Debug|Any CPU.Build.0 = Debug|Any CPU
		{35EBFD7B-2235-460C-9F71-F32DED6697F5}.Release|Any CPU.ActiveCfg = Release|Any CPU
		{35EBFD7B-2235-460C-9F71-F32DED6697F5}.Release|Any CPU.Build.0 = Release|Any CPU
	EndGlobalSection
	GlobalSection(SolutionProperties) = preSolution
		HideSolutionNode = FALSE
	EndGlobalSection
	GlobalSection(ExtensibilityGlobals) = postSolution
		SolutionGuid = {1A83DC64-A9FD-4351-8A1A-2A9A561B463A}
	EndGlobalSection
EndGlobal
